{
  "version": 2,
  "packages": {
    "httpbeast": {
      "name": "httpbeast",
      "version": "0.4.4",
      "vcsRevision": "abc123",
      "url": "https://github.com/tomekw/httpbeast",
      "downloadMethod": "git",
      "dependencies": {},
      "checksums": {}
    },
    "jester": {
      "name": "jester",
      "version": "0.5.0",
      "vcsRevision": "def456",
      "url": "https://github.com/dom96/jester",
      "downloadMethod": "git",
      "dependencies": {},
      "checksums": {}
    }
  }
}
